
Microsoft Visual Studio Solution File, Format Version 12.00
# Visual Studio Version 16
VisualStudioVersion = 16.0.31105.61
MinimumVisualStudioVersion = 10.0.40219.1
Project("{FAE04EC0-301F-11D3-BF4B-00C04F79EFBC}") = "AutoSymbol", "AutoSymbol\AutoSymbol.csproj", "{6B6989E5-63B1-4E01-B50F-90E22D04B520}"
EndProject
Project("{FAE04EC0-301F-11D3-BF4B-00C04F79EFBC}") = "AutoSymbolTestConsole", "AutoSymbolTestConsole\AutoSymbolTestConsole.csproj", "{8707B6DD-E6B2-4C09-842C-B7BDE99F1B77}"
EndProject
Project("{9A19103F-16F7-4668-BE54-9A1E7A4F7556}") = "MathGen", "MathGen\MathGen.csproj", "{7FE16323-C13C-4EDF-8B58-E9641EE7A18F}"
EndProject
Project("{9A19103F-16F7-4668-BE54-9A1E7A4F7556}") = "MathGenTest", "MathGenTest\MathGenTest.csproj", "{5F8D5AF2-8259-473D-8B06-8907B6858807}"
EndProject
Project("{FAE04EC0-301F-11D3-BF4B-00C04F79EFBC}") = "MathGenUI", "MathGenUI\MathGenUI.csproj", "{D2DFD052-8693-485F-8992-4A673B361DAD}"
EndProject
Global
	GlobalSection(SolutionConfigurationPlatforms) = preSolution
		Debug|Any CPU = Debug|Any CPU
		Release|Any CPU = Release|Any CPU
	EndGlobalSection
	GlobalSection(ProjectConfigurationPlatforms) = postSolution
		{6B6989E5-63B1-4E01-B50F-90E22D04B520}.Debug|Any CPU.ActiveCfg = Debug|Any CPU
		{6B6989E5-63B1-4E01-B50F-90E22D04B520}.Debug|Any CPU.Build.0 = Debug|Any CPU
		{6B6989E5-63B1-4E01-B50F-90E22D04B520}.Release|Any CPU.ActiveCfg = Release|Any CPU
		{6B6989E5-63B1-4E01-B50F-90E22D04B520}.Release|Any CPU.Build.0 = Release|Any CPU
		{8707B6DD-E6B2-4C09-842C-B7BDE99F1B77}.Debug|Any CPU.ActiveCfg = Debug|Any CPU
		{8707B6DD-E6B2-4C09-842C-B7BDE99F1B77}.Debug|Any CPU.Build.0 = Debug|Any CPU
		{8707B6DD-E6B2-4C09-842C-B7BDE99F1B77}.Release|Any CPU.ActiveCfg = Release|Any CPU
		{8707B6DD-E6B2-4C09-842C-B7BDE99F1B77}.Release|Any CPU.Build.0 = Release|Any CPU
		{7FE16323-C13C-4EDF-8B58-E9641EE7A18F}.Debug|Any CPU.ActiveCfg = Debug|Any CPU
		{7FE16323-C13C-4EDF-8B58-E9641EE7A18F}.Debug|Any CPU.Build.0 = Debug|Any CPU
		{7FE16323-C13C-4EDF-8B58-E9641EE7A18F}.Release|Any CPU.ActiveCfg = Release|Any CPU
		{7FE16323-C13C-4EDF-8B58-E9641EE7A18F}.Release|Any CPU.Build.0 = Release|Any CPU
		{5F8D5AF2-8259-473D-8B06-8907B6858807}.Debug|Any CPU.ActiveCfg = Debug|Any CPU
		{5F8D5AF2-8259-473D-8B06-8907B6858807}.Debug|Any CPU.Build.0 = Debug|Any CPU
		{5F8D5AF2-8259-473D-8B06-8907B6858807}.Release|Any CPU.ActiveCfg = Release|Any CPU
		{5F8D5AF2-8259-473D-8B06-8907B6858807}.Release|Any CPU.Build.0 = Release|Any CPU
		{D2DFD052-8693-485F-8992-4A673B361DAD}.Debug|Any CPU.ActiveCfg = Debug|Any CPU
		{D2DFD052-8693-485F-8992-4A673B361DAD}.Debug|Any CPU.Build.0 = Debug|Any CPU
		{D2DFD052-8693-485F-8992-4A673B361DAD}.Release|Any CPU.ActiveCfg = Release|Any CPU
		{D2DFD052-8693-485F-8992-4A673B361DAD}.Release|Any CPU.Build.0 = Release|Any CPU
	EndGlobalSection
	GlobalSection(SolutionProperties) = preSolution
		HideSolutionNode = FALSE
	EndGlobalSection
	GlobalSection(ExtensibilityGlobals) = postSolution
		SolutionGuid = {4B0ECF27-4B63-4E5F-A7AF-A75014EE9C7C}
	EndGlobalSection
EndGlobal
